
Microsoft Visual Studio Solution File, Format Version 12.00
# Visual Studio Version 17
VisualStudioVersion = 17.10.35013.160
MinimumVisualStudioVersion = 10.0.40219.1
Project("{9A19103F-16F7-4668-BE54-9A1E7A4F7556}") = "WebWinMVC", "WebWinMVC.csproj", "{4AE93B37-CC4B-47CE-AA88-4B1DA66566C3}"
EndProject
Global
	GlobalSection(SolutionConfigurationPlatforms) = preSolution
		Debug|Any CPU = Debug|Any CPU
		Release|Any CPU = Release|Any CPU
	EndGlobalSection
	GlobalSection(ProjectConfigurationPlatforms) = postSolution
		{4AE93B37-CC4B-47CE-AA88-4B1DA66566C3}.Debug|Any CPU.ActiveCfg = Debug|Any CPU
		{4AE93B37-CC4B-47CE-AA88-4B1DA66566C3}.Debug|Any CPU.Build.0 = Debug|Any CPU
		{4AE93B37-CC4B-47CE-AA88-4B1DA66566C3}.Release|Any CPU.ActiveCfg = Release|Any CPU
		{4AE93B37-CC4B-47CE-AA88-4B1DA66566C3}.Release|Any CPU.Build.0 = Release|Any CPU
	EndGlobalSection
	GlobalSection(SolutionProperties) = preSolution
		HideSolutionNode = FALSE
	EndGlobalSection
	GlobalSection(ExtensibilityGlobals) = postSolution
		SolutionGuid = {B1376A44-48C0-4FD2-A752-FDD860D8C788}
	EndGlobalSection
EndGlobal
